
Microsoft Visual Studio Solution File, Format Version 12.00
# Visual Studio Version 16
VisualStudioVersion = 16.0.36128.20
MinimumVisualStudioVersion = 10.0.40219.1
Project("{FAE04EC0-301F-11D3-BF4B-00C04F79EFBC}") = "WinModal", "WinModal\WinModal.csproj", "{30A340E1-6CA8-4C82-973B-3F783F5A58EA}"
EndProject
Global
	GlobalSection(SolutionConfigurationPlatforms) = preSolution
		Debug|Any CPU = Debug|Any CPU
		Release|Any CPU = Release|Any CPU
	EndGlobalSection
	GlobalSection(ProjectConfigurationPlatforms) = postSolution
		{30A340E1-6CA8-4C82-973B-3F783F5A58EA}.Debug|Any CPU.ActiveCfg = Debug|Any CPU
		{30A340E1-6CA8-4C82-973B-3F783F5A58EA}.Debug|Any CPU.Build.0 = Debug|Any CPU
		{30A340E1-6CA8-4C82-973B-3F783F5A58EA}.Release|Any CPU.ActiveCfg = Release|Any CPU
		{30A340E1-6CA8-4C82-973B-3F783F5A58EA}.Release|Any CPU.Build.0 = Release|Any CPU
	EndGlobalSection
	GlobalSection(SolutionProperties) = preSolution
		HideSolutionNode = FALSE
	EndGlobalSection
	GlobalSection(ExtensibilityGlobals) = postSolution
		SolutionGuid = {18B6F9BF-2607-40D5-AA55-B7B32C89DDBD}
	EndGlobalSection
EndGlobal
